PackratFormat: 1.4
PackratVersion: 0.4.8.52
RVersion: 3.3.2
Repos: CRAN=http://cran.rstudio.com/

Package: BH
Source: CRAN
Version: 1.66.0-1
Hash: 4cc8883584b955ed01f38f68bc03af6d

Package: R6
Source: CRAN
Version: 2.2.2
Hash: b2366cd9d2f3851a5704b4e192b985c2

Package: Rcpp
Source: CRAN
Version: 0.12.18
Hash: c80398774358bc105b9f91f7f7519d7a

Package: Rtsne
Source: CRAN
Version: 0.13
Hash: 4b2851d17b8b3376cea8bdc55fbe57aa
Requires: Rcpp

Package: assertthat
Source: CRAN
Version: 0.2.0
Hash: e8805df54c65ac96d50235c44a82615c

Package: bindr
Source: CRAN
Version: 0.1.1
Hash: 76578c5f543a6ecbc1365d6445f9ebf7

Package: bindrcpp
Source: CRAN
Version: 0.2.2
Hash: d1189679aec436c9280c498e5d01eaa8
Requires: Rcpp, bindr, plogr

Package: cli
Source: CRAN
Version: 1.0.0
Hash: f4239f89feb7ddc65821e4514e9734ae
Requires: assertthat, crayon

Package: crayon
Source: CRAN
Version: 1.3.4
Hash: ff2840dd9b0d563fc80377a5a45510cd

Package: curl
Source: CRAN
Version: 3.0
Hash: fb0029f1c84bf9b510c4f55cda7103f1

Package: dplyr
Source: CRAN
Version: 0.7.6
Hash: c3ab15fec1303345fea300dfbc34d995
Requires: BH, R6, Rcpp, assertthat, bindrcpp, glue, magrittr,
    pkgconfig, plogr, rlang, tibble, tidyselect

Package: glue
Source: CRAN
Version: 1.3.0
Hash: 1fbde6dec830370be696eee8ef31c9e4

Package: httr
Source: CRAN
Version: 1.3.1
Hash: 2d32e01e53d532c812052e27a1021441
Requires: R6, curl, jsonlite, mime, openssl

Package: jsonlite
Source: CRAN
Version: 1.5
Hash: 9c51936d8dd00b2f1d4fe9d10499694c

Package: magrittr
Source: CRAN
Version: 1.5
Hash: bdc4d48c3135e8f3b399536ddf160df4

Package: mime
Source: CRAN
Version: 0.5
Hash: 463550cf44fb6f0a2359368f42eebe62

Package: openssl
Source: CRAN
Version: 0.9.9
Hash: 3858537ac10388a5db1687450908f257

Package: packrat
Source: github
Version: 0.4.8-52
Hash: 7f9597c44599820158b7dd1693153db9
GithubRepo: packrat
GithubUsername: rstudio
GithubRef: master
GithubSha1: 4b3e4025404f98d25fb73799e86c1762effe5d7e

Package: pillar
Source: CRAN
Version: 1.1.0
Hash: 576bf712d620ca2b6ca76ca7b6cb5547
Requires: cli, crayon, rlang, utf8

Package: pkgconfig
Source: CRAN
Version: 2.0.2
Hash: b0fd6ed908e150b77e5f00c6478bd58c

Package: plogr
Source: CRAN
Version: 0.2.0
Hash: 81a8008a5e7858552503935f1abe48aa

Package: plyr
Source: CRAN
Version: 1.8.4
Hash: 05d65ee369a267f0d0c56604000c69b5
Requires: Rcpp

Package: purrr
Source: CRAN
Version: 0.2.5
Hash: 8b0c16db10c7e20b70cd37779a673a8b
Requires: magrittr, rlang, tibble

Package: reshape2
Source: CRAN
Version: 1.4.2
Hash: e5fa4390194ba19b86c0760e34588794
Requires: Rcpp, plyr, stringr

Package: rlang
Source: CRAN
Version: 0.2.2
Hash: 49b735b7b1d14f561d21cce12c6703df

Package: rtson
Source: github
Version: 1.4.4
Hash: f41468e22b9401b04bcf834f2f6e8b40
Requires: R6
GithubRepo: TSON
GithubUsername: tercen
GithubRef: 1.4.4-rtson
GithubSha1: 01c0ff70ed30b7332f506403713158959492f8ca
GithubSubdir: rtson

Package: stringi
Source: CRAN
Version: 1.1.5
Hash: b6308e49357a0b475f433599e0d8b5eb

Package: stringr
Source: CRAN
Version: 1.2.0
Hash: 25a86d7f410513ebb7c0bc6a5e16bdc3
Requires: magrittr, stringi

Package: tercen
Source: github
Version: 0.7.1
Hash: 395a2ad9de89c60c3e44aeb118ffb6d2
Requires: R6, dplyr, httr, jsonlite, rtson, tibble, yaml
GithubRepo: teRcen
GithubUsername: tercen
GithubRef: 0.7.1
GithubSha1: 4f6cae07ca68202680409fb985db18be63a2e89a

Package: tibble
Source: CRAN
Version: 1.4.2
Hash: 83895360ce4f8d2ce92eee00526b5b0b
Requires: cli, crayon, pillar, rlang

Package: tidyselect
Source: CRAN
Version: 0.2.4
Hash: 83708a870de7a4063e31f3f7f5a13f26
Requires: Rcpp, glue, purrr, rlang

Package: utf8
Source: CRAN
Version: 1.1.3
Hash: a2fe6a996668ee5850b7719f365e831b

Package: yaml
Source: CRAN
Version: 2.2.0
Hash: a5ad5616d83d89f8d84cbf3cf4034e13
